[root]
name = "parity"
version = "1.1.0"
dependencies = [
 "bincode 0.5.4 (registry+https://github.com/rust-lang/crates.io-index)",
 "clippy 0.0.64 (registry+https://github.com/rust-lang/crates.io-index)",
 "ctrlc 1.1.1 (git+https://github.com/tomusdrw/rust-ctrlc.git)",
 "daemonize 0.2.2 (registry+https://github.com/rust-lang/crates.io-index)",
 "docopt 0.6.80 (registry+https://github.com/rust-lang/crates.io-index)",
 "env_logger 0.3.3 (registry+https://github.com/rust-lang/crates.io-index)",
 "ethcore 1.1.0",
 "ethcore-devtools 1.1.0",
 "ethcore-ipc 1.1.0",
 "ethcore-ipc-codegen 1.1.0",
 "ethcore-ipc-nano 1.1.0",
 "ethcore-rpc 1.1.0",
 "ethcore-util 1.1.0",
 "ethcore-webapp 1.1.0",
 "ethminer 1.1.0",
 "ethsync 1.1.0",
 "fdlimit 0.1.0",
 "hyper 0.8.1 (registry+https://github.com/rust-lang/crates.io-index)",
 "log 0.3.6 (registry+https://github.com/rust-lang/crates.io-index)",
 "num_cpus 0.2.11 (registry+https://github.com/rust-lang/crates.io-index)",
 "number_prefix 0.2.5 (registry+https://github.com/rust-lang/crates.io-index)",
 "rpassword 0.2.2 (registry+https://github.com/rust-lang/crates.io-index)",
 "rustc-serialize 0.3.19 (registry+https://github.com/rust-lang/crates.io-index)",
 "rustc_version 0.1.7 (registry+https://github.com/rust-lang/crates.io-index)",
 "semver 0.2.3 (registry+https://github.com/rust-lang/crates.io-index)",
 "serde 0.7.0 (registry+https://github.com/rust-lang/crates.io-index)",
 "syntex 0.31.0 (registry+https://github.com/rust-lang/crates.io-index)",
 "time 0.1.35 (registry+https://github.com/rust-lang/crates.io-index)",
]

[[package]]
name = "aho-corasick"
version = "0.5.1"
source = "registry+https://github.com/rust-lang/crates.io-index"
dependencies = [
 "memchr 0.1.11 (registry+https://github.com/rust-lang/crates.io-index)",
]

[[package]]
name = "arrayvec"
version = "0.3.16"
source = "registry+https://github.com/rust-lang/crates.io-index"
dependencies = [
 "nodrop 0.1.6 (registry+https://github.com/rust-lang/crates.io-index)",
 "odds 0.2.12 (registry+https://github.com/rust-lang/crates.io-index)",
]

[[package]]
name = "aster"
version = "0.15.0"
source = "registry+https://github.com/rust-lang/crates.io-index"
dependencies = [
 "syntex_syntax 0.31.0 (registry+https://github.com/rust-lang/crates.io-index)",
]

[[package]]
name = "bigint"
version = "0.1.0"
dependencies = [
 "arrayvec 0.3.16 (registry+https://github.com/rust-lang/crates.io-index)",
 "heapsize 0.3.5 (registry+https://github.com/rust-lang/crates.io-index)",
 "rand 0.3.14 (registry+https://github.com/rust-lang/crates.io-index)",
 "rustc-serialize 0.3.19 (registry+https://github.com/rust-lang/crates.io-index)",
 "rustc_version 0.1.7 (registry+https://github.com/rust-lang/crates.io-index)",
 "serde 0.7.0 (registry+https://github.com/rust-lang/crates.io-index)",
]

[[package]]
name = "bincode"
version = "0.5.4"
source = "registry+https://github.com/rust-lang/crates.io-index"
dependencies = [
 "byteorder 0.5.1 (registry+https://github.com/rust-lang/crates.io-index)",
 "num 0.1.32 (registry+https://github.com/rust-lang/crates.io-index)",
 "rustc-serialize 0.3.19 (registry+https://github.com/rust-lang/crates.io-index)",
 "serde 0.7.0 (registry+https://github.com/rust-lang/crates.io-index)",
]

[[package]]
name = "bitflags"
version = "0.3.3"
source = "registry+https://github.com/rust-lang/crates.io-index"

[[package]]
name = "bitflags"
version = "0.4.0"
source = "registry+https://github.com/rust-lang/crates.io-index"

[[package]]
name = "bitflags"
version = "0.5.0"
source = "registry+https://github.com/rust-lang/crates.io-index"

[[package]]
name = "bitflags"
version = "0.6.0"
source = "registry+https://github.com/rust-lang/crates.io-index"

[[package]]
name = "blastfig"
version = "0.3.3"
source = "registry+https://github.com/rust-lang/crates.io-index"

[[package]]
name = "bloomchain"
version = "0.1.0"
source = "registry+https://github.com/rust-lang/crates.io-index"

[[package]]
name = "byteorder"
version = "0.5.1"
source = "registry+https://github.com/rust-lang/crates.io-index"

[[package]]
name = "bytes"
version = "0.3.0"
source = "registry+https://github.com/rust-lang/crates.io-index"

[[package]]
name = "cfg-if"
version = "0.1.0"
source = "registry+https://github.com/rust-lang/crates.io-index"

[[package]]
name = "chrono"
version = "0.2.22"
source = "registry+https://github.com/rust-lang/crates.io-index"
dependencies = [
 "num 0.1.32 (registry+https://github.com/rust-lang/crates.io-index)",
 "time 0.1.35 (registry+https://github.com/rust-lang/crates.io-index)",
]

[[package]]
name = "clippy"
version = "0.0.64"
source = "registry+https://github.com/rust-lang/crates.io-index"
dependencies = [
 "quine-mc_cluskey 0.2.2 (registry+https://github.com/rust-lang/crates.io-index)",
 "regex-syntax 0.3.1 (registry+https://github.com/rust-lang/crates.io-index)",
 "semver 0.2.3 (registry+https://github.com/rust-lang/crates.io-index)",
 "toml 0.1.28 (registry+https://github.com/rust-lang/crates.io-index)",
 "unicode-normalization 0.1.2 (registry+https://github.com/rust-lang/crates.io-index)",
]

[[package]]
name = "cookie"
version = "0.1.21"
source = "registry+https://github.com/rust-lang/crates.io-index"
dependencies = [
 "time 0.1.35 (registry+https://github.com/rust-lang/crates.io-index)",
 "url 0.2.38 (registry+https://github.com/rust-lang/crates.io-index)",
]

[[package]]
name = "cookie"
version = "0.2.4"
source = "registry+https://github.com/rust-lang/crates.io-index"
dependencies = [
 "time 0.1.35 (registry+https://github.com/rust-lang/crates.io-index)",
 "url 1.0.0 (registry+https://github.com/rust-lang/crates.io-index)",
]

[[package]]
name = "crossbeam"
version = "0.1.6"
source = "registry+https://github.com/rust-lang/crates.io-index"

[[package]]
name = "crossbeam"
version = "0.2.9"
source = "registry+https://github.com/rust-lang/crates.io-index"

[[package]]
name = "ctrlc"
version = "1.1.1"
source = "git+https://github.com/tomusdrw/rust-ctrlc.git#f4927770f89eca80ec250911eea3adcbf579ac48"
dependencies = [
 "kernel32-sys 0.2.2 (registry+https://github.com/rust-lang/crates.io-index)",
 "libc 0.2.10 (registry+https://github.com/rust-lang/crates.io-index)",
 "winapi 0.2.6 (registry+https://github.com/rust-lang/crates.io-index)",
]

[[package]]
name = "daemonize"
version = "0.2.2"
source = "registry+https://github.com/rust-lang/crates.io-index"
dependencies = [
 "libc 0.2.10 (registry+https://github.com/rust-lang/crates.io-index)",
]

[[package]]
name = "deque"
version = "0.3.1"
source = "registry+https://github.com/rust-lang/crates.io-index"
dependencies = [
 "rand 0.3.14 (registry+https://github.com/rust-lang/crates.io-index)",
]

[[package]]
name = "docopt"
version = "0.6.80"
source = "registry+https://github.com/rust-lang/crates.io-index"
dependencies = [
 "regex 0.1.68 (registry+https://github.com/rust-lang/crates.io-index)",
 "rustc-serialize 0.3.19 (registry+https://github.com/rust-lang/crates.io-index)",
 "strsim 0.3.0 (registry+https://github.com/rust-lang/crates.io-index)",
]

[[package]]
name = "elastic-array"
version = "0.4.0"
source = "registry+https://github.com/rust-lang/crates.io-index"

[[package]]
name = "env_logger"
version = "0.3.3"
source = "registry+https://github.com/rust-lang/crates.io-index"
dependencies = [
 "log 0.3.6 (registry+https://github.com/rust-lang/crates.io-index)",
 "regex 0.1.68 (registry+https://github.com/rust-lang/crates.io-index)",
]

[[package]]
name = "eth-secp256k1"
version = "0.5.4"
source = "git+https://github.com/ethcore/rust-secp256k1#b6fdd43bbcf6d46adb72a92dd1632a0fc834cbf5"
dependencies = [
 "arrayvec 0.3.16 (registry+https://github.com/rust-lang/crates.io-index)",
 "gcc 0.3.28 (registry+https://github.com/rust-lang/crates.io-index)",
 "libc 0.2.10 (registry+https://github.com/rust-lang/crates.io-index)",
 "rand 0.3.14 (registry+https://github.com/rust-lang/crates.io-index)",
 "rustc-serialize 0.3.19 (registry+https://github.com/rust-lang/crates.io-index)",
 "serde 0.7.0 (registry+https://github.com/rust-lang/crates.io-index)",
 "serde_json 0.7.0 (registry+https://github.com/rust-lang/crates.io-index)",
]

[[package]]
name = "ethash"
version = "1.1.0"
dependencies = [
 "log 0.3.6 (registry+https://github.com/rust-lang/crates.io-index)",
 "primal 0.2.3 (registry+https://github.com/rust-lang/crates.io-index)",
 "sha3 0.1.0",
]

[[package]]
name = "ethcore"
version = "1.1.0"
dependencies = [
 "bloomchain 0.1.0 (registry+https://github.com/rust-lang/crates.io-index)",
 "clippy 0.0.64 (registry+https://github.com/rust-lang/crates.io-index)",
 "crossbeam 0.1.6 (registry+https://github.com/rust-lang/crates.io-index)",
 "env_logger 0.3.3 (registry+https://github.com/rust-lang/crates.io-index)",
 "ethash 1.1.0",
 "ethcore-devtools 1.1.0",
 "ethcore-util 1.1.0",
 "ethjson 0.1.0",
 "heapsize 0.3.5 (registry+https://github.com/rust-lang/crates.io-index)",
 "lazy_static 0.1.16 (registry+https://github.com/rust-lang/crates.io-index)",
 "log 0.3.6 (registry+https://github.com/rust-lang/crates.io-index)",
 "num_cpus 0.2.11 (registry+https://github.com/rust-lang/crates.io-index)",
 "rust-crypto 0.2.35 (registry+https://github.com/rust-lang/crates.io-index)",
 "rustc-serialize 0.3.19 (registry+https://github.com/rust-lang/crates.io-index)",
 "time 0.1.35 (registry+https://github.com/rust-lang/crates.io-index)",
]

[[package]]
name = "ethcore-devtools"
version = "1.1.0"
dependencies = [
 "rand 0.3.14 (registry+https://github.com/rust-lang/crates.io-index)",
]

[[package]]
name = "ethcore-ipc"
version = "1.1.0"
dependencies = [
 "ethcore-devtools 1.1.0",
 "ethcore-util 1.1.0",
 "nanomsg 0.5.0 (git+https://github.com/ethcore/nanomsg.rs.git)",
 "semver 0.2.3 (registry+https://github.com/rust-lang/crates.io-index)",
]

[[package]]
name = "ethcore-ipc-codegen"
version = "1.1.0"
dependencies = [
 "aster 0.15.0 (registry+https://github.com/rust-lang/crates.io-index)",
 "quasi 0.9.0 (registry+https://github.com/rust-lang/crates.io-index)",
 "quasi_codegen 0.9.0 (registry+https://github.com/rust-lang/crates.io-index)",
 "syntex 0.31.0 (registry+https://github.com/rust-lang/crates.io-index)",
 "syntex_syntax 0.31.0 (registry+https://github.com/rust-lang/crates.io-index)",
]

[[package]]
name = "ethcore-ipc-nano"
version = "1.1.0"
dependencies = [
 "ethcore-ipc 1.1.0",
 "jsonrpc-core 2.0.2 (registry+https://github.com/rust-lang/crates.io-index)",
 "log 0.3.6 (registry+https://github.com/rust-lang/crates.io-index)",
 "nanomsg 0.5.0 (git+https://github.com/ethcore/nanomsg.rs.git)",
]

[[package]]
name = "ethcore-rpc"
version = "1.1.0"
dependencies = [
 "clippy 0.0.64 (registry+https://github.com/rust-lang/crates.io-index)",
 "ethash 1.1.0",
 "ethcore 1.1.0",
 "ethcore-util 1.1.0",
 "ethminer 1.1.0",
 "ethsync 1.1.0",
 "jsonrpc-core 2.0.3 (git+https://github.com/tomusdrw/jsonrpc-core.git)",
 "jsonrpc-http-server 5.1.0 (git+https://github.com/tomusdrw/jsonrpc-http-server.git)",
 "log 0.3.6 (registry+https://github.com/rust-lang/crates.io-index)",
 "rustc-serialize 0.3.19 (registry+https://github.com/rust-lang/crates.io-index)",
 "serde 0.7.0 (registry+https://github.com/rust-lang/crates.io-index)",
 "serde_codegen 0.7.2 (registry+https://github.com/rust-lang/crates.io-index)",
 "serde_json 0.7.0 (registry+https://github.com/rust-lang/crates.io-index)",
 "syntex 0.31.0 (registry+https://github.com/rust-lang/crates.io-index)",
 "transient-hashmap 0.1.0 (registry+https://github.com/rust-lang/crates.io-index)",
]

[[package]]
name = "ethcore-util"
version = "1.1.0"
dependencies = [
 "arrayvec 0.3.16 (registry+https://github.com/rust-lang/crates.io-index)",
 "bigint 0.1.0",
 "chrono 0.2.22 (registry+https://github.com/rust-lang/crates.io-index)",
 "clippy 0.0.64 (registry+https://github.com/rust-lang/crates.io-index)",
 "crossbeam 0.2.9 (registry+https://github.com/rust-lang/crates.io-index)",
 "elastic-array 0.4.0 (registry+https://github.com/rust-lang/crates.io-index)",
 "env_logger 0.3.3 (registry+https://github.com/rust-lang/crates.io-index)",
 "eth-secp256k1 0.5.4 (git+https://github.com/ethcore/rust-secp256k1)",
 "ethcore-devtools 1.1.0",
 "heapsize 0.3.5 (registry+https://github.com/rust-lang/crates.io-index)",
 "igd 0.4.2 (registry+https://github.com/rust-lang/crates.io-index)",
 "itertools 0.4.13 (registry+https://github.com/rust-lang/crates.io-index)",
 "json-tests 0.1.0",
 "lazy_static 0.1.16 (registry+https://github.com/rust-lang/crates.io-index)",
 "libc 0.2.10 (registry+https://github.com/rust-lang/crates.io-index)",
 "log 0.3.6 (registry+https://github.com/rust-lang/crates.io-index)",
 "mio 0.5.1 (registry+https://github.com/rust-lang/crates.io-index)",
 "rand 0.3.14 (registry+https://github.com/rust-lang/crates.io-index)",
 "rocksdb 0.4.3 (git+https://github.com/arkpar/rust-rocksdb.git)",
 "rust-crypto 0.2.35 (registry+https://github.com/rust-lang/crates.io-index)",
 "rustc-serialize 0.3.19 (registry+https://github.com/rust-lang/crates.io-index)",
 "rustc_version 0.1.7 (registry+https://github.com/rust-lang/crates.io-index)",
 "serde 0.7.0 (registry+https://github.com/rust-lang/crates.io-index)",
 "sha3 0.1.0",
 "slab 0.1.3 (registry+https://github.com/rust-lang/crates.io-index)",
 "target_info 0.1.0 (registry+https://github.com/rust-lang/crates.io-index)",
 "time 0.1.35 (registry+https://github.com/rust-lang/crates.io-index)",
 "tiny-keccak 1.0.5 (registry+https://github.com/rust-lang/crates.io-index)",
 "vergen 0.1.0 (registry+https://github.com/rust-lang/crates.io-index)",
]

[[package]]
name = "ethcore-webapp"
version = "1.1.0"
dependencies = [
 "clippy 0.0.64 (registry+https://github.com/rust-lang/crates.io-index)",
 "ethcore-rpc 1.1.0",
 "ethcore-util 1.1.0",
 "hyper 0.9.3 (git+https://github.com/hyperium/hyper?branch=mio)",
 "jsonrpc-core 2.0.3 (git+https://github.com/tomusdrw/jsonrpc-core.git)",
 "jsonrpc-http-server 5.1.0 (git+https://github.com/tomusdrw/jsonrpc-http-server.git)",
 "log 0.3.6 (registry+https://github.com/rust-lang/crates.io-index)",
 "parity-status 0.3.6 (git+https://github.com/tomusdrw/parity-status.git)",
 "parity-webapp 0.1.0 (git+https://github.com/tomusdrw/parity-webapp.git)",
 "url 1.0.0 (registry+https://github.com/rust-lang/crates.io-index)",
]

[[package]]
name = "ethjson"
version = "0.1.0"
dependencies = [
 "ethcore-util 1.1.0",
 "rustc-serialize 0.3.19 (registry+https://github.com/rust-lang/crates.io-index)",
 "serde 0.7.0 (registry+https://github.com/rust-lang/crates.io-index)",
 "serde_codegen 0.7.2 (registry+https://github.com/rust-lang/crates.io-index)",
 "serde_json 0.7.0 (registry+https://github.com/rust-lang/crates.io-index)",
 "syntex 0.31.0 (registry+https://github.com/rust-lang/crates.io-index)",
]

[[package]]
name = "ethminer"
version = "1.1.0"
dependencies = [
 "clippy 0.0.64 (registry+https://github.com/rust-lang/crates.io-index)",
 "env_logger 0.3.3 (registry+https://github.com/rust-lang/crates.io-index)",
 "ethcore 1.1.0",
 "ethcore-util 1.1.0",
 "log 0.3.6 (registry+https://github.com/rust-lang/crates.io-index)",
 "rayon 0.3.1 (registry+https://github.com/rust-lang/crates.io-index)",
 "rustc-serialize 0.3.19 (registry+https://github.com/rust-lang/crates.io-index)",
 "rustc_version 0.1.7 (registry+https://github.com/rust-lang/crates.io-index)",
]

[[package]]
name = "ethsync"
version = "1.1.0"
dependencies = [
 "clippy 0.0.64 (registry+https://github.com/rust-lang/crates.io-index)",
 "env_logger 0.3.3 (registry+https://github.com/rust-lang/crates.io-index)",
 "ethcore 1.1.0",
 "ethcore-util 1.1.0",
 "ethminer 1.1.0",
 "heapsize 0.3.5 (registry+https://github.com/rust-lang/crates.io-index)",
 "log 0.3.6 (registry+https://github.com/rust-lang/crates.io-index)",
 "rand 0.3.14 (registry+https://github.com/rust-lang/crates.io-index)",
 "time 0.1.35 (registry+https://github.com/rust-lang/crates.io-index)",
]

[[package]]
name = "fdlimit"
version = "0.1.0"
dependencies = [
 "libc 0.2.10 (registry+https://github.com/rust-lang/crates.io-index)",
]

[[package]]
name = "gcc"
version = "0.3.28"
source = "registry+https://github.com/rust-lang/crates.io-index"

[[package]]
name = "glob"
version = "0.2.11"
source = "registry+https://github.com/rust-lang/crates.io-index"

[[package]]
name = "hamming"
version = "0.1.3"
source = "registry+https://github.com/rust-lang/crates.io-index"

[[package]]
name = "heapsize"
version = "0.3.5"
source = "registry+https://github.com/rust-lang/crates.io-index"
dependencies = [
 "kernel32-sys 0.2.2 (registry+https://github.com/rust-lang/crates.io-index)",
]

[[package]]
name = "hpack"
version = "0.2.0"
source = "registry+https://github.com/rust-lang/crates.io-index"
dependencies = [
 "log 0.3.6 (registry+https://github.com/rust-lang/crates.io-index)",
]

[[package]]
name = "httparse"
version = "1.1.2"
source = "registry+https://github.com/rust-lang/crates.io-index"

[[package]]
name = "hyper"
version = "0.6.16"
source = "registry+https://github.com/rust-lang/crates.io-index"
dependencies = [
 "cookie 0.1.21 (registry+https://github.com/rust-lang/crates.io-index)",
 "httparse 1.1.2 (registry+https://github.com/rust-lang/crates.io-index)",
 "language-tags 0.0.7 (registry+https://github.com/rust-lang/crates.io-index)",
 "log 0.3.6 (registry+https://github.com/rust-lang/crates.io-index)",
 "mime 0.1.3 (registry+https://github.com/rust-lang/crates.io-index)",
 "num_cpus 0.2.11 (registry+https://github.com/rust-lang/crates.io-index)",
 "rustc-serialize 0.3.19 (registry+https://github.com/rust-lang/crates.io-index)",
 "solicit 0.4.4 (registry+https://github.com/rust-lang/crates.io-index)",
 "time 0.1.35 (registry+https://github.com/rust-lang/crates.io-index)",
 "traitobject 0.0.1 (registry+https://github.com/rust-lang/crates.io-index)",
 "typeable 0.1.2 (registry+https://github.com/rust-lang/crates.io-index)",
 "unicase 1.4.0 (registry+https://github.com/rust-lang/crates.io-index)",
 "url 0.2.38 (registry+https://github.com/rust-lang/crates.io-index)",
]

[[package]]
name = "hyper"
version = "0.8.1"
source = "registry+https://github.com/rust-lang/crates.io-index"
dependencies = [
 "cookie 0.2.4 (registry+https://github.com/rust-lang/crates.io-index)",
 "httparse 1.1.2 (registry+https://github.com/rust-lang/crates.io-index)",
 "language-tags 0.2.2 (registry+https://github.com/rust-lang/crates.io-index)",
 "log 0.3.6 (registry+https://github.com/rust-lang/crates.io-index)",
 "mime 0.2.0 (registry+https://github.com/rust-lang/crates.io-index)",
 "num_cpus 0.2.11 (registry+https://github.com/rust-lang/crates.io-index)",
 "rustc-serialize 0.3.19 (registry+https://github.com/rust-lang/crates.io-index)",
 "solicit 0.4.4 (registry+https://github.com/rust-lang/crates.io-index)",
 "time 0.1.35 (registry+https://github.com/rust-lang/crates.io-index)",
 "traitobject 0.0.1 (registry+https://github.com/rust-lang/crates.io-index)",
 "typeable 0.1.2 (registry+https://github.com/rust-lang/crates.io-index)",
 "unicase 1.4.0 (registry+https://github.com/rust-lang/crates.io-index)",
 "url 0.5.9 (registry+https://github.com/rust-lang/crates.io-index)",
]

[[package]]
name = "hyper"
version = "0.9.3"
source = "git+https://github.com/hyperium/hyper?branch=mio#dbb4cf160ebf242f7f0459d547c40e9e6877ccf4"
dependencies = [
 "cookie 0.2.4 (registry+https://github.com/rust-lang/crates.io-index)",
 "httparse 1.1.2 (registry+https://github.com/rust-lang/crates.io-index)",
 "language-tags 0.2.2 (registry+https://github.com/rust-lang/crates.io-index)",
 "log 0.3.6 (registry+https://github.com/rust-lang/crates.io-index)",
 "mime 0.2.0 (registry+https://github.com/rust-lang/crates.io-index)",
 "mio 0.5.1 (registry+https://github.com/rust-lang/crates.io-index)",
 "rotor 0.6.3 (registry+https://github.com/rust-lang/crates.io-index)",
 "rustc-serialize 0.3.19 (registry+https://github.com/rust-lang/crates.io-index)",
 "spmc 0.2.0 (registry+https://github.com/rust-lang/crates.io-index)",
 "time 0.1.35 (registry+https://github.com/rust-lang/crates.io-index)",
 "traitobject 0.0.1 (registry+https://github.com/rust-lang/crates.io-index)",
 "typeable 0.1.2 (registry+https://github.com/rust-lang/crates.io-index)",
 "unicase 1.4.0 (registry+https://github.com/rust-lang/crates.io-index)",
 "url 1.0.0 (registry+https://github.com/rust-lang/crates.io-index)",
 "vecio 0.1.0 (registry+https://github.com/rust-lang/crates.io-index)",
]

[[package]]
name = "idna"
version = "0.1.0"
source = "registry+https://github.com/rust-lang/crates.io-index"
dependencies = [
 "matches 0.1.2 (registry+https://github.com/rust-lang/crates.io-index)",
 "unicode-bidi 0.2.3 (registry+https://github.com/rust-lang/crates.io-index)",
 "unicode-normalization 0.1.2 (registry+https://github.com/rust-lang/crates.io-index)",
]

[[package]]
name = "igd"
version = "0.4.2"
source = "registry+https://github.com/rust-lang/crates.io-index"
dependencies = [
 "hyper 0.6.16 (registry+https://github.com/rust-lang/crates.io-index)",
 "rand 0.3.14 (registry+https://github.com/rust-lang/crates.io-index)",
 "regex 0.1.68 (registry+https://github.com/rust-lang/crates.io-index)",
 "xml-rs 0.1.26 (registry+https://github.com/rust-lang/crates.io-index)",
 "xmltree 0.3.2 (registry+https://github.com/rust-lang/crates.io-index)",
]

[[package]]
name = "itertools"
version = "0.4.13"
source = "registry+https://github.com/rust-lang/crates.io-index"

[[package]]
name = "json-tests"
version = "0.1.0"
dependencies = [
 "glob 0.2.11 (registry+https://github.com/rust-lang/crates.io-index)",
 "rustc-serialize 0.3.19 (registry+https://github.com/rust-lang/crates.io-index)",
]

[[package]]
name = "jsonrpc-core"
version = "2.0.2"
source = "registry+https://github.com/rust-lang/crates.io-index"
dependencies = [
 "serde 0.7.0 (registry+https://github.com/rust-lang/crates.io-index)",
 "serde_codegen 0.7.2 (registry+https://github.com/rust-lang/crates.io-index)",
 "serde_json 0.7.0 (registry+https://github.com/rust-lang/crates.io-index)",
 "syntex 0.31.0 (registry+https://github.com/rust-lang/crates.io-index)",
]

[[package]]
name = "jsonrpc-core"
version = "2.0.3"
source = "git+https://github.com/tomusdrw/jsonrpc-core.git#9d51f1b6679938846d93cbafdd052733c816d28b"
dependencies = [
 "serde 0.7.0 (registry+https://github.com/rust-lang/crates.io-index)",
 "serde_codegen 0.7.2 (registry+https://github.com/rust-lang/crates.io-index)",
 "serde_json 0.7.0 (registry+https://github.com/rust-lang/crates.io-index)",
 "syntex 0.31.0 (registry+https://github.com/rust-lang/crates.io-index)",
]

[[package]]
name = "jsonrpc-http-server"
version = "5.1.0"
source = "git+https://github.com/tomusdrw/jsonrpc-http-server.git#fafd6410284710b7e662fe7d76249cc496451f27"
dependencies = [
 "hyper 0.9.3 (git+https://github.com/hyperium/hyper?branch=mio)",
 "jsonrpc-core 2.0.3 (git+https://github.com/tomusdrw/jsonrpc-core.git)",
 "unicase 1.4.0 (registry+https://github.com/rust-lang/crates.io-index)",
]

[[package]]
name = "kernel32-sys"
version = "0.2.2"
source = "registry+https://github.com/rust-lang/crates.io-index"
dependencies = [
 "winapi 0.2.6 (registry+https://github.com/rust-lang/crates.io-index)",
 "winapi-build 0.1.1 (registry+https://github.com/rust-lang/crates.io-index)",
]

[[package]]
name = "language-tags"
version = "0.0.7"
source = "registry+https://github.com/rust-lang/crates.io-index"

[[package]]
name = "language-tags"
version = "0.2.2"
source = "registry+https://github.com/rust-lang/crates.io-index"

[[package]]
name = "lazy_static"
version = "0.1.16"
source = "registry+https://github.com/rust-lang/crates.io-index"

[[package]]
name = "libc"
version = "0.1.12"
source = "registry+https://github.com/rust-lang/crates.io-index"

[[package]]
name = "libc"
version = "0.2.10"
source = "registry+https://github.com/rust-lang/crates.io-index"

[[package]]
name = "librocksdb-sys"
version = "0.2.3"
source = "git+https://github.com/arkpar/rust-rocksdb.git#ae44ef33ed1358ffc79aa05ed77839d555daba33"
dependencies = [
 "libc 0.2.10 (registry+https://github.com/rust-lang/crates.io-index)",
]

[[package]]
name = "log"
version = "0.3.6"
source = "registry+https://github.com/rust-lang/crates.io-index"

[[package]]
name = "matches"
version = "0.1.2"
source = "registry+https://github.com/rust-lang/crates.io-index"

[[package]]
name = "memchr"
version = "0.1.11"
source = "registry+https://github.com/rust-lang/crates.io-index"
dependencies = [
 "libc 0.2.10 (registry+https://github.com/rust-lang/crates.io-index)",
]

[[package]]
name = "mime"
version = "0.1.3"
source = "registry+https://github.com/rust-lang/crates.io-index"
dependencies = [
 "log 0.3.6 (registry+https://github.com/rust-lang/crates.io-index)",
 "serde 0.6.15 (registry+https://github.com/rust-lang/crates.io-index)",
]

[[package]]
name = "mime"
version = "0.2.0"
source = "registry+https://github.com/rust-lang/crates.io-index"
dependencies = [
 "log 0.3.6 (registry+https://github.com/rust-lang/crates.io-index)",
]

[[package]]
name = "mio"
version = "0.5.1"
source = "registry+https://github.com/rust-lang/crates.io-index"
dependencies = [
 "bytes 0.3.0 (registry+https://github.com/rust-lang/crates.io-index)",
 "libc 0.2.10 (registry+https://github.com/rust-lang/crates.io-index)",
 "log 0.3.6 (registry+https://github.com/rust-lang/crates.io-index)",
 "miow 0.1.2 (registry+https://github.com/rust-lang/crates.io-index)",
 "net2 0.2.23 (registry+https://github.com/rust-lang/crates.io-index)",
 "nix 0.5.0 (registry+https://github.com/rust-lang/crates.io-index)",
 "slab 0.1.3 (registry+https://github.com/rust-lang/crates.io-index)",
 "time 0.1.35 (registry+https://github.com/rust-lang/crates.io-index)",
 "winapi 0.2.6 (registry+https://github.com/rust-lang/crates.io-index)",
]

[[package]]
name = "miow"
version = "0.1.2"
source = "registry+https://github.com/rust-lang/crates.io-index"
dependencies = [
 "kernel32-sys 0.2.2 (registry+https://github.com/rust-lang/crates.io-index)",
 "net2 0.2.23 (registry+https://github.com/rust-lang/crates.io-index)",
 "winapi 0.2.6 (registry+https://github.com/rust-lang/crates.io-index)",
 "ws2_32-sys 0.2.1 (registry+https://github.com/rust-lang/crates.io-index)",
]

[[package]]
name = "nanomsg"
version = "0.5.0"
source = "git+https://github.com/ethcore/nanomsg.rs.git#9c81fb3b0f71714b173d0abf14bfd30addf8c7b1"
dependencies = [
 "libc 0.2.10 (registry+https://github.com/rust-lang/crates.io-index)",
 "nanomsg-sys 0.5.0 (git+https://github.com/ethcore/nanomsg.rs.git)",
]

[[package]]
name = "nanomsg-sys"
version = "0.5.0"
source = "git+https://github.com/ethcore/nanomsg.rs.git#9c81fb3b0f71714b173d0abf14bfd30addf8c7b1"
dependencies = [
 "gcc 0.3.28 (registry+https://github.com/rust-lang/crates.io-index)",
 "libc 0.2.10 (registry+https://github.com/rust-lang/crates.io-index)",
]

[[package]]
name = "net2"
version = "0.2.23"
source = "registry+https://github.com/rust-lang/crates.io-index"
dependencies = [
 "cfg-if 0.1.0 (registry+https://github.com/rust-lang/crates.io-index)",
 "kernel32-sys 0.2.2 (registry+https://github.com/rust-lang/crates.io-index)",
 "libc 0.2.10 (registry+https://github.com/rust-lang/crates.io-index)",
 "winapi 0.2.6 (registry+https://github.com/rust-lang/crates.io-index)",
 "ws2_32-sys 0.2.1 (registry+https://github.com/rust-lang/crates.io-index)",
]

[[package]]
name = "nix"
version = "0.5.0"
source = "registry+https://github.com/rust-lang/crates.io-index"
dependencies = [
 "bitflags 0.4.0 (registry+https://github.com/rust-lang/crates.io-index)",
 "libc 0.2.10 (registry+https://github.com/rust-lang/crates.io-index)",
]

[[package]]
name = "nodrop"
version = "0.1.6"
source = "registry+https://github.com/rust-lang/crates.io-index"
dependencies = [
 "odds 0.2.12 (registry+https://github.com/rust-lang/crates.io-index)",
]

[[package]]
name = "nom"
version = "1.2.2"
source = "registry+https://github.com/rust-lang/crates.io-index"

[[package]]
name = "num"
version = "0.1.32"
source = "registry+https://github.com/rust-lang/crates.io-index"
dependencies = [
 "num-bigint 0.1.32 (registry+https://github.com/rust-lang/crates.io-index)",
 "num-complex 0.1.32 (registry+https://github.com/rust-lang/crates.io-index)",
 "num-integer 0.1.32 (registry+https://github.com/rust-lang/crates.io-index)",
 "num-iter 0.1.32 (registry+https://github.com/rust-lang/crates.io-index)",
 "num-rational 0.1.32 (registry+https://github.com/rust-lang/crates.io-index)",
 "num-traits 0.1.32 (registry+https://github.com/rust-lang/crates.io-index)",
]

[[package]]
name = "num-bigint"
version = "0.1.32"
source = "registry+https://github.com/rust-lang/crates.io-index"
dependencies = [
 "num-integer 0.1.32 (registry+https://github.com/rust-lang/crates.io-index)",
 "num-traits 0.1.32 (registry+https://github.com/rust-lang/crates.io-index)",
 "rand 0.3.14 (registry+https://github.com/rust-lang/crates.io-index)",
 "rustc-serialize 0.3.19 (registry+https://github.com/rust-lang/crates.io-index)",
]

[[package]]
name = "num-complex"
version = "0.1.32"
source = "registry+https://github.com/rust-lang/crates.io-index"
dependencies = [
 "num-traits 0.1.32 (registry+https://github.com/rust-lang/crates.io-index)",
 "rustc-serialize 0.3.19 (registry+https://github.com/rust-lang/crates.io-index)",
]

[[package]]
name = "num-integer"
version = "0.1.32"
source = "registry+https://github.com/rust-lang/crates.io-index"
dependencies = [
 "num-traits 0.1.32 (registry+https://github.com/rust-lang/crates.io-index)",
]

[[package]]
name = "num-iter"
version = "0.1.32"
source = "registry+https://github.com/rust-lang/crates.io-index"
dependencies = [
 "num-integer 0.1.32 (registry+https://github.com/rust-lang/crates.io-index)",
 "num-traits 0.1.32 (registry+https://github.com/rust-lang/crates.io-index)",
]

[[package]]
name = "num-rational"
version = "0.1.32"
source = "registry+https://github.com/rust-lang/crates.io-index"
dependencies = [
 "num-bigint 0.1.32 (registry+https://github.com/rust-lang/crates.io-index)",
 "num-integer 0.1.32 (registry+https://github.com/rust-lang/crates.io-index)",
 "num-traits 0.1.32 (registry+https://github.com/rust-lang/crates.io-index)",
 "rustc-serialize 0.3.19 (registry+https://github.com/rust-lang/crates.io-index)",
]

[[package]]
name = "num-traits"
version = "0.1.32"
source = "registry+https://github.com/rust-lang/crates.io-index"

[[package]]
name = "num_cpus"
version = "0.2.11"
source = "registry+https://github.com/rust-lang/crates.io-index"
dependencies = [
 "libc 0.2.10 (registry+https://github.com/rust-lang/crates.io-index)",
]

[[package]]
name = "number_prefix"
version = "0.2.5"
source = "registry+https://github.com/rust-lang/crates.io-index"
dependencies = [
 "num 0.1.32 (registry+https://github.com/rust-lang/crates.io-index)",
]

[[package]]
name = "odds"
version = "0.2.12"
source = "registry+https://github.com/rust-lang/crates.io-index"

[[package]]
name = "parity-status"
version = "0.3.6"
source = "git+https://github.com/tomusdrw/parity-status.git#1ce8771a62f5f2564617c0e386ff7552a5fe7ecf"
dependencies = [
 "parity-webapp 0.1.0 (git+https://github.com/tomusdrw/parity-webapp.git)",
]

[[package]]
name = "parity-webapp"
version = "0.1.0"
source = "git+https://github.com/tomusdrw/parity-webapp.git#0bf133f193863ba0e88b0b824a5c330037cce3f1"

[[package]]
name = "primal"
version = "0.2.3"
source = "registry+https://github.com/rust-lang/crates.io-index"
dependencies = [
 "primal-check 0.2.2 (registry+https://github.com/rust-lang/crates.io-index)",
 "primal-estimate 0.2.1 (registry+https://github.com/rust-lang/crates.io-index)",
 "primal-sieve 0.2.5 (registry+https://github.com/rust-lang/crates.io-index)",
]

[[package]]
name = "primal-bit"
version = "0.2.3"
source = "registry+https://github.com/rust-lang/crates.io-index"
dependencies = [
 "hamming 0.1.3 (registry+https://github.com/rust-lang/crates.io-index)",
]

[[package]]
name = "primal-check"
version = "0.2.2"
source = "registry+https://github.com/rust-lang/crates.io-index"
dependencies = [
 "num 0.1.32 (registry+https://github.com/rust-lang/crates.io-index)",
]

[[package]]
name = "primal-estimate"
version = "0.2.1"
source = "registry+https://github.com/rust-lang/crates.io-index"

[[package]]
name = "primal-sieve"
version = "0.2.5"
source = "registry+https://github.com/rust-lang/crates.io-index"
dependencies = [
 "hamming 0.1.3 (registry+https://github.com/rust-lang/crates.io-index)",
 "primal-bit 0.2.3 (registry+https://github.com/rust-lang/crates.io-index)",
 "primal-estimate 0.2.1 (registry+https://github.com/rust-lang/crates.io-index)",
]

[[package]]
name = "quasi"
version = "0.9.0"
source = "registry+https://github.com/rust-lang/crates.io-index"
dependencies = [
 "syntex_syntax 0.31.0 (registry+https://github.com/rust-lang/crates.io-index)",
]

[[package]]
name = "quasi_codegen"
version = "0.9.0"
source = "registry+https://github.com/rust-lang/crates.io-index"
dependencies = [
 "aster 0.15.0 (registry+https://github.com/rust-lang/crates.io-index)",
 "syntex 0.31.0 (registry+https://github.com/rust-lang/crates.io-index)",
 "syntex_syntax 0.31.0 (registry+https://github.com/rust-lang/crates.io-index)",
]

[[package]]
name = "quick-error"
version = "0.2.2"
source = "registry+https://github.com/rust-lang/crates.io-index"

[[package]]
name = "quine-mc_cluskey"
version = "0.2.2"
source = "registry+https://github.com/rust-lang/crates.io-index"

[[package]]
name = "rand"
version = "0.3.14"
source = "registry+https://github.com/rust-lang/crates.io-index"
dependencies = [
 "libc 0.2.10 (registry+https://github.com/rust-lang/crates.io-index)",
]

[[package]]
name = "rayon"
version = "0.3.1"
source = "registry+https://github.com/rust-lang/crates.io-index"
dependencies = [
 "deque 0.3.1 (registry+https://github.com/rust-lang/crates.io-index)",
 "num_cpus 0.2.11 (registry+https://github.com/rust-lang/crates.io-index)",
 "rand 0.3.14 (registry+https://github.com/rust-lang/crates.io-index)",
]

[[package]]
name = "regex"
version = "0.1.68"
source = "registry+https://github.com/rust-lang/crates.io-index"
dependencies = [
 "aho-corasick 0.5.1 (registry+https://github.com/rust-lang/crates.io-index)",
 "memchr 0.1.11 (registry+https://github.com/rust-lang/crates.io-index)",
 "regex-syntax 0.3.1 (registry+https://github.com/rust-lang/crates.io-index)",
 "thread_local 0.2.5 (registry+https://github.com/rust-lang/crates.io-index)",
 "utf8-ranges 0.1.3 (registry+https://github.com/rust-lang/crates.io-index)",
]

[[package]]
name = "regex-syntax"
version = "0.3.1"
source = "registry+https://github.com/rust-lang/crates.io-index"

[[package]]
name = "rocksdb"
version = "0.4.3"
source = "git+https://github.com/arkpar/rust-rocksdb.git#ae44ef33ed1358ffc79aa05ed77839d555daba33"
dependencies = [
 "libc 0.2.10 (registry+https://github.com/rust-lang/crates.io-index)",
 "librocksdb-sys 0.2.3 (git+https://github.com/arkpar/rust-rocksdb.git)",
]

[[package]]
name = "rotor"
version = "0.6.3"
source = "registry+https://github.com/rust-lang/crates.io-index"
dependencies = [
 "log 0.3.6 (registry+https://github.com/rust-lang/crates.io-index)",
 "mio 0.5.1 (registry+https://github.com/rust-lang/crates.io-index)",
 "quick-error 0.2.2 (registry+https://github.com/rust-lang/crates.io-index)",
 "time 0.1.35 (registry+https://github.com/rust-lang/crates.io-index)",
 "void 1.0.2 (registry+https://github.com/rust-lang/crates.io-index)",
]

[[package]]
name = "rpassword"
version = "0.2.2"
source = "registry+https://github.com/rust-lang/crates.io-index"
dependencies = [
 "kernel32-sys 0.2.2 (registry+https://github.com/rust-lang/crates.io-index)",
 "libc 0.2.10 (registry+https://github.com/rust-lang/crates.io-index)",
 "termios 0.2.2 (registry+https://github.com/rust-lang/crates.io-index)",
 "winapi 0.2.6 (registry+https://github.com/rust-lang/crates.io-index)",
]

[[package]]
name = "rust-crypto"
version = "0.2.35"
source = "registry+https://github.com/rust-lang/crates.io-index"
dependencies = [
 "gcc 0.3.28 (registry+https://github.com/rust-lang/crates.io-index)",
 "libc 0.1.12 (registry+https://github.com/rust-lang/crates.io-index)",
 "rand 0.3.14 (registry+https://github.com/rust-lang/crates.io-index)",
 "rustc-serialize 0.3.19 (registry+https://github.com/rust-lang/crates.io-index)",
 "time 0.1.35 (registry+https://github.com/rust-lang/crates.io-index)",
]

[[package]]
name = "rustc-serialize"
version = "0.3.19"
source = "registry+https://github.com/rust-lang/crates.io-index"

[[package]]
name = "rustc_version"
version = "0.1.7"
source = "registry+https://github.com/rust-lang/crates.io-index"
dependencies = [
 "semver 0.1.20 (registry+https://github.com/rust-lang/crates.io-index)",
]

[[package]]
name = "semver"
version = "0.1.20"
source = "registry+https://github.com/rust-lang/crates.io-index"

[[package]]
name = "semver"
version = "0.2.3"
source = "registry+https://github.com/rust-lang/crates.io-index"
dependencies = [
 "nom 1.2.2 (registry+https://github.com/rust-lang/crates.io-index)",
]

[[package]]
name = "serde"
version = "0.6.15"
source = "registry+https://github.com/rust-lang/crates.io-index"
dependencies = [
 "num 0.1.32 (registry+https://github.com/rust-lang/crates.io-index)",
]

[[package]]
name = "serde"
version = "0.7.0"
source = "registry+https://github.com/rust-lang/crates.io-index"

[[package]]
name = "serde_codegen"
version = "0.7.2"
source = "registry+https://github.com/rust-lang/crates.io-index"
dependencies = [
 "aster 0.15.0 (registry+https://github.com/rust-lang/crates.io-index)",
 "quasi 0.9.0 (registry+https://github.com/rust-lang/crates.io-index)",
 "quasi_codegen 0.9.0 (registry+https://github.com/rust-lang/crates.io-index)",
 "syntex 0.31.0 (registry+https://github.com/rust-lang/crates.io-index)",
 "syntex_syntax 0.31.0 (registry+https://github.com/rust-lang/crates.io-index)",
]

[[package]]
name = "serde_json"
version = "0.7.0"
source = "registry+https://github.com/rust-lang/crates.io-index"
dependencies = [
 "num 0.1.32 (registry+https://github.com/rust-lang/crates.io-index)",
 "serde 0.7.0 (registry+https://github.com/rust-lang/crates.io-index)",
]

[[package]]
name = "sha3"
version = "0.1.0"
dependencies = [
 "gcc 0.3.28 (registry+https://github.com/rust-lang/crates.io-index)",
]

[[package]]
name = "slab"
version = "0.1.3"
source = "registry+https://github.com/rust-lang/crates.io-index"

[[package]]
name = "solicit"
version = "0.4.4"
source = "registry+https://github.com/rust-lang/crates.io-index"
dependencies = [
 "hpack 0.2.0 (registry+https://github.com/rust-lang/crates.io-index)",
 "log 0.3.6 (registry+https://github.com/rust-lang/crates.io-index)",
]

[[package]]
name = "spmc"
version = "0.2.0"
source = "registry+https://github.com/rust-lang/crates.io-index"

[[package]]
name = "strsim"
version = "0.3.0"
source = "registry+https://github.com/rust-lang/crates.io-index"

[[package]]
name = "syntex"
version = "0.31.0"
source = "registry+https://github.com/rust-lang/crates.io-index"
dependencies = [
 "syntex_syntax 0.31.0 (registry+https://github.com/rust-lang/crates.io-index)",
]

[[package]]
name = "syntex_syntax"
version = "0.31.0"
source = "registry+https://github.com/rust-lang/crates.io-index"
dependencies = [
 "bitflags 0.5.0 (registry+https://github.com/rust-lang/crates.io-index)",
 "libc 0.2.10 (registry+https://github.com/rust-lang/crates.io-index)",
 "log 0.3.6 (registry+https://github.com/rust-lang/crates.io-index)",
 "rustc-serialize 0.3.19 (registry+https://github.com/rust-lang/crates.io-index)",
 "term 0.2.14 (registry+https://github.com/rust-lang/crates.io-index)",
 "unicode-xid 0.0.3 (registry+https://github.com/rust-lang/crates.io-index)",
]

[[package]]
name = "target_info"
version = "0.1.0"
source = "registry+https://github.com/rust-lang/crates.io-index"

[[package]]
name = "term"
version = "0.2.14"
source = "registry+https://github.com/rust-lang/crates.io-index"
dependencies = [
 "kernel32-sys 0.2.2 (registry+https://github.com/rust-lang/crates.io-index)",
 "winapi 0.2.6 (registry+https://github.com/rust-lang/crates.io-index)",
]

[[package]]
name = "termios"
version = "0.2.2"
source = "registry+https://github.com/rust-lang/crates.io-index"
dependencies = [
 "libc 0.2.10 (registry+https://github.com/rust-lang/crates.io-index)",
]

[[package]]
name = "thread-id"
version = "2.0.0"
source = "registry+https://github.com/rust-lang/crates.io-index"
dependencies = [
 "kernel32-sys 0.2.2 (registry+https://github.com/rust-lang/crates.io-index)",
 "libc 0.2.10 (registry+https://github.com/rust-lang/crates.io-index)",
]

[[package]]
name = "thread_local"
version = "0.2.5"
source = "registry+https://github.com/rust-lang/crates.io-index"
dependencies = [
 "thread-id 2.0.0 (registry+https://github.com/rust-lang/crates.io-index)",
]

[[package]]
name = "time"
version = "0.1.35"
source = "registry+https://github.com/rust-lang/crates.io-index"
dependencies = [
 "kernel32-sys 0.2.2 (registry+https://github.com/rust-lang/crates.io-index)",
 "libc 0.2.10 (registry+https://github.com/rust-lang/crates.io-index)",
 "winapi 0.2.6 (registry+https://github.com/rust-lang/crates.io-index)",
]

[[package]]
name = "tiny-keccak"
version = "1.0.5"
source = "registry+https://github.com/rust-lang/crates.io-index"

[[package]]
name = "toml"
version = "0.1.28"
source = "registry+https://github.com/rust-lang/crates.io-index"
dependencies = [
 "rustc-serialize 0.3.19 (registry+https://github.com/rust-lang/crates.io-index)",
]

[[package]]
name = "traitobject"
version = "0.0.1"
source = "registry+https://github.com/rust-lang/crates.io-index"

[[package]]
name = "transient-hashmap"
version = "0.1.0"
source = "registry+https://github.com/rust-lang/crates.io-index"
dependencies = [
 "time 0.1.35 (registry+https://github.com/rust-lang/crates.io-index)",
]

[[package]]
name = "typeable"
version = "0.1.2"
source = "registry+https://github.com/rust-lang/crates.io-index"

[[package]]
name = "unicase"
version = "1.4.0"
source = "registry+https://github.com/rust-lang/crates.io-index"
dependencies = [
 "rustc_version 0.1.7 (registry+https://github.com/rust-lang/crates.io-index)",
]

[[package]]
name = "unicode-bidi"
version = "0.2.3"
source = "registry+https://github.com/rust-lang/crates.io-index"
dependencies = [
 "matches 0.1.2 (registry+https://github.com/rust-lang/crates.io-index)",
]

[[package]]
name = "unicode-normalization"
version = "0.1.2"
source = "registry+https://github.com/rust-lang/crates.io-index"

[[package]]
name = "unicode-xid"
version = "0.0.3"
source = "registry+https://github.com/rust-lang/crates.io-index"

[[package]]
name = "url"
version = "0.2.38"
source = "registry+https://github.com/rust-lang/crates.io-index"
dependencies = [
 "matches 0.1.2 (registry+https://github.com/rust-lang/crates.io-index)",
 "rustc-serialize 0.3.19 (registry+https://github.com/rust-lang/crates.io-index)",
 "uuid 0.1.18 (registry+https://github.com/rust-lang/crates.io-index)",
]

[[package]]
name = "url"
version = "0.5.9"
source = "registry+https://github.com/rust-lang/crates.io-index"
dependencies = [
 "matches 0.1.2 (registry+https://github.com/rust-lang/crates.io-index)",
 "rustc-serialize 0.3.19 (registry+https://github.com/rust-lang/crates.io-index)",
 "unicode-bidi 0.2.3 (registry+https://github.com/rust-lang/crates.io-index)",
 "unicode-normalization 0.1.2 (registry+https://github.com/rust-lang/crates.io-index)",
 "uuid 0.2.1 (registry+https://github.com/rust-lang/crates.io-index)",
]

[[package]]
name = "url"
version = "1.0.0"
source = "registry+https://github.com/rust-lang/crates.io-index"
dependencies = [
 "idna 0.1.0 (registry+https://github.com/rust-lang/crates.io-index)",
 "matches 0.1.2 (registry+https://github.com/rust-lang/crates.io-index)",
]

[[package]]
name = "utf8-ranges"
version = "0.1.3"
source = "registry+https://github.com/rust-lang/crates.io-index"

[[package]]
name = "uuid"
version = "0.1.18"
source = "registry+https://github.com/rust-lang/crates.io-index"
dependencies = [
 "rand 0.3.14 (registry+https://github.com/rust-lang/crates.io-index)",
 "rustc-serialize 0.3.19 (registry+https://github.com/rust-lang/crates.io-index)",
]

[[package]]
name = "uuid"
version = "0.2.1"
source = "registry+https://github.com/rust-lang/crates.io-index"
dependencies = [
 "rand 0.3.14 (registry+https://github.com/rust-lang/crates.io-index)",
]

[[package]]
name = "vecio"
version = "0.1.0"
source = "registry+https://github.com/rust-lang/crates.io-index"
dependencies = [
 "winapi 0.2.6 (registry+https://github.com/rust-lang/crates.io-index)",
 "ws2_32-sys 0.2.1 (registry+https://github.com/rust-lang/crates.io-index)",
]

[[package]]
name = "vergen"
version = "0.1.0"
source = "registry+https://github.com/rust-lang/crates.io-index"
dependencies = [
 "blastfig 0.3.3 (registry+https://github.com/rust-lang/crates.io-index)",
 "time 0.1.35 (registry+https://github.com/rust-lang/crates.io-index)",
]

[[package]]
name = "void"
version = "1.0.2"
source = "registry+https://github.com/rust-lang/crates.io-index"

[[package]]
name = "winapi"
version = "0.2.6"
source = "registry+https://github.com/rust-lang/crates.io-index"

[[package]]
name = "winapi-build"
version = "0.1.1"
source = "registry+https://github.com/rust-lang/crates.io-index"

[[package]]
name = "ws2_32-sys"
version = "0.2.1"
source = "registry+https://github.com/rust-lang/crates.io-index"
dependencies = [
 "winapi 0.2.6 (registry+https://github.com/rust-lang/crates.io-index)",
 "winapi-build 0.1.1 (registry+https://github.com/rust-lang/crates.io-index)",
]

[[package]]
name = "xml-rs"
version = "0.1.26"
source = "registry+https://github.com/rust-lang/crates.io-index"
dependencies = [
 "bitflags 0.6.0 (registry+https://github.com/rust-lang/crates.io-index)",
]

[[package]]
name = "xml-rs"
version = "0.3.0"
source = "registry+https://github.com/rust-lang/crates.io-index"
dependencies = [
 "bitflags 0.3.3 (registry+https://github.com/rust-lang/crates.io-index)",
]

[[package]]
name = "xmltree"
version = "0.3.2"
source = "registry+https://github.com/rust-lang/crates.io-index"
dependencies = [
 "xml-rs 0.3.0 (registry+https://github.com/rust-lang/crates.io-index)",
]

